{
    "name": "viewgenerator",
    "version": "1.0.0",
    "lockfileVersion": 1,
    "requires": true,
    "dependencies": {
        "@babel/code-frame": {
            "version": "7.12.13",
            "resolved": "https://registry.npmjs.org/@babel/code-frame/-/code-frame-7.12.13.tgz",
            "integrity": "sha512-HV1Cm0Q3ZrpCR93tkWOYiuYIgLxZXZFVG2VgK+MBWjUqZTundupbfx2aXarXuw5Ko5aMcjtJgbSs4vUGBS5v6g==",
            "dev": true,
            "requires": {
                "@babel/highlight": "^7.12.13"
            }
        },
        "@babel/helper-validator-identifier": {
            "version": "7.12.11",
            "resolved": "https://registry.npmjs.org/@babel/helper-validator-identifier/-/helper-validator-identifier-7.12.11.tgz",
            "integrity": "sha512-np/lG3uARFybkoHokJUmf1QfEvRVCPbmQeUQpKow5cQ3xWrV9i3rUHodKDJPQfTVX61qKi+UdYk8kik84n7XOw==",
            "dev": true
        },
        "@babel/highlight": {
            "version": "7.12.13",
            "resolved": "https://registry.npmjs.org/@babel/highlight/-/highlight-7.12.13.tgz",
            "integrity": "sha512-kocDQvIbgMKlWxXe9fof3TQ+gkIPOUSEYhJjqUjvKMez3krV7vbzYCDq39Oj11UAVK7JqPVGQPlgE85dPNlQww==",
            "dev": true,
            "requires": {
                "@babel/helper-validator-identifier": "^7.12.11",
                "chalk": "^2.0.0",
                "js-tokens": "^4.0.0"
            },
            "dependencies": {
                "chalk": {
                    "version": "2.4.2",
                    "resolved": "https://registry.npmjs.org/chalk/-/chalk-2.4.2.tgz",
                    "integrity": "sha512-Mti+f9lpJNcwF4tWV8/OrTTtF1gZi+f8FqlyAdouralcFWFQWF2+NgCHShjkCb+IFBLq9buZwE1xckQU4peSuQ==",
                    "dev": true,
                    "requires": {
                        "ansi-styles": "^3.2.1",
                        "escape-string-regexp": "^1.0.5",
                        "supports-color": "^5.3.0"
                    }
                }
            }
        },
        "@types/anymatch": {
            "version": "1.3.1",
            "resolved": "https://registry.npmjs.org/@types/anymatch/-/anymatch-1.3.1.tgz",
            "integrity": "sha512-/+CRPXpBDpo2RK9C68N3b2cOvO0Cf5B9aPijHsoDQTHivnGSObdOF2BRQOYjojWTDy6nQvMjmqRXIxH55VjxxA==",
            "dev": true
        },
        "@types/bluebird": {
            "version": "3.5.27",
            "resolved": "https://registry.npmjs.org/@types/bluebird/-/bluebird-3.5.27.tgz",
            "integrity": "sha512-6BmYWSBea18+tSjjSC3QIyV93ZKAeNWGM7R6aYt1ryTZXrlHF+QLV0G2yV0viEGVyRkyQsWfMoJ0k/YghBX5sQ==",
            "dev": true
        },
        "@types/body-parser": {
            "version": "1.19.0",
            "resolved": "https://registry.npmjs.org/@types/body-parser/-/body-parser-1.19.0.tgz",
            "integrity": "sha512-W98JrE0j2K78swW4ukqMleo8R7h/pFETjM2DQ90MF6XK2i4LO4W3gQ71Lt4w3bfm2EvVSyWHplECvB5sK22yFQ==",
            "dev": true,
            "requires": {
                "@types/connect": "*",
                "@types/node": "*"
            }
        },
        "@types/connect": {
            "version": "3.4.33",
            "resolved": "https://registry.npmjs.org/@types/connect/-/connect-3.4.33.tgz",
            "integrity": "sha512-2+FrkXY4zllzTNfJth7jOqEHC+enpLeGslEhpnTAkg21GkRrWV4SsAtqchtT4YS9/nODBU2/ZfsBY2X4J/dX7A==",
            "dev": true,
            "requires": {
                "@types/node": "*"
            }
        },
        "@types/connect-history-api-fallback": {
            "version": "1.3.3",
            "resolved": "https://registry.npmjs.org/@types/connect-history-api-fallback/-/connect-history-api-fallback-1.3.3.tgz",
            "integrity": "sha512-7SxFCd+FLlxCfwVwbyPxbR4khL9aNikJhrorw8nUIOqeuooc9gifBuDQOJw5kzN7i6i3vLn9G8Wde/4QDihpYw==",
            "dev": true,
            "requires": {
                "@types/express-serve-static-core": "*",
                "@types/node": "*"
            }
        },
        "@types/dts-generator": {
            "version": "2.1.4",
            "resolved": "https://registry.npmjs.org/@types/dts-generator/-/dts-generator-2.1.4.tgz",
            "integrity": "sha512-+LFSj0brAEqC7TKubHoLqVbKuKECXWKAINhjukMANy1MzNi8PDqBm/H+N8WGk0bZB+D5G4AoST4NjNz349YQPQ==",
            "dev": true,
            "requires": {
                "@types/bluebird": "*",
                "typescript": "*"
            }
        },
        "@types/events": {
            "version": "3.0.0",
            "resolved": "https://registry.npmjs.org/@types/events/-/events-3.0.0.tgz",
            "integrity": "sha512-EaObqwIvayI5a8dCzhFrjKzVwKLxjoG9T6Ppd5CEo07LRKfQ8Yokw54r5+Wq7FaBQ+yXRvQAYPrHwya1/UFt9g==",
            "dev": true
        },
        "@types/express": {
            "version": "4.17.6",
            "resolved": "https://registry.npmjs.org/@types/express/-/express-4.17.6.tgz",
            "integrity": "sha512-n/mr9tZI83kd4azlPG5y997C/M4DNABK9yErhFM6hKdym4kkmd9j0vtsJyjFIwfRBxtrxZtAfGZCNRIBMFLK5w==",
            "dev": true,
            "requires": {
                "@types/body-parser": "*",
                "@types/express-serve-static-core": "*",
                "@types/qs": "*",
                "@types/serve-static": "*"
            }
        },
        "@types/express-serve-static-core": {
            "version": "4.17.5",
            "resolved": "https://registry.npmjs.org/@types/express-serve-static-core/-/express-serve-static-core-4.17.5.tgz",
            "integrity": "sha512-578YH5Lt88AKoADy0b2jQGwJtrBxezXtVe/MBqWXKZpqx91SnC0pVkVCcxcytz3lWW+cHBYDi3Ysh0WXc+rAYw==",
            "dev": true,
            "requires": {
                "@types/node": "*",
                "@types/range-parser": "*"
            }
        },
        "@types/fs-extra": {
            "version": "8.0.0",
            "resolved": "https://registry.npmjs.org/@types/fs-extra/-/fs-extra-8.0.0.tgz",
            "integrity": "sha512-bCtL5v9zdbQW86yexOlXWTEGvLNqWxMFyi7gQA7Gcthbezr2cPSOb8SkESVKA937QD5cIwOFLDFt0MQoXOEr9Q==",
            "dev": true,
            "requires": {
                "@types/node": "*"
            }
        },
        "@types/glob": {
            "version": "7.1.1",
            "resolved": "https://registry.npmjs.org/@types/glob/-/glob-7.1.1.tgz",
            "integrity": "sha512-1Bh06cbWJUHMC97acuD6UMG29nMt0Aqz1vF3guLfG+kHHJhy3AyohZFFxYk2f7Q1SQIrNwvncxAE0N/9s70F2w==",
            "dev": true,
            "requires": {
                "@types/events": "*",
                "@types/minimatch": "*",
                "@types/node": "*"
            }
        },
        "@types/http-proxy": {
            "version": "1.17.4",
            "resolved": "https://registry.npmjs.org/@types/http-proxy/-/http-proxy-1.17.4.tgz",
            "integrity": "sha512-IrSHl2u6AWXduUaDLqYpt45tLVCtYv7o4Z0s1KghBCDgIIS9oW5K1H8mZG/A2CfeLdEa7rTd1ACOiHBc1EMT2Q==",
            "dev": true,
            "requires": {
                "@types/node": "*"
            }
        },
        "@types/http-proxy-middleware": {
            "version": "0.19.3",
            "resolved": "https://registry.npmjs.org/@types/http-proxy-middleware/-/http-proxy-middleware-0.19.3.tgz",
            "integrity": "sha512-lnBTx6HCOUeIJMLbI/LaL5EmdKLhczJY5oeXZpX/cXE4rRqb3RmV7VcMpiEfYkmTjipv3h7IAyIINe4plEv7cA==",
            "dev": true,
            "requires": {
                "@types/connect": "*",
                "@types/http-proxy": "*",
                "@types/node": "*"
            }
        },
        "@types/json-schema": {
            "version": "7.0.7",
            "resolved": "https://registry.npmjs.org/@types/json-schema/-/json-schema-7.0.7.tgz",
            "integrity": "sha512-cxWFQVseBm6O9Gbw1IWb8r6OS4OhSt3hPZLkFApLjM8TEXROBuQGLAH2i2gZpcXdLBIrpXuTDhH7Vbm1iXmNGA==",
            "dev": true
        },
        "@types/mime": {
            "version": "2.0.1",
            "resolved": "https://registry.npmjs.org/@types/mime/-/mime-2.0.1.tgz",
            "integrity": "sha512-FwI9gX75FgVBJ7ywgnq/P7tw+/o1GUbtP0KzbtusLigAOgIgNISRK0ZPl4qertvXSIE8YbsVJueQ90cDt9YYyw==",
            "dev": true
        },
        "@types/mini-css-extract-plugin": {
            "version": "0.8.0",
            "resolved": "https://registry.npmjs.org/@types/mini-css-extract-plugin/-/mini-css-extract-plugin-0.8.0.tgz",
            "integrity": "sha512-L7OKmXudo048RMw/NeLjJMNRAbyXG76b3uGZ49OKe03imYEplx0JzcM0goVNc7X1IeESf2Bk9RP+tS1U3OSmVg==",
            "dev": true,
            "requires": {
                "@types/webpack": "*"
            }
        },
        "@types/minimatch": {
            "version": "3.0.3",
            "resolved": "https://registry.npmjs.org/@types/minimatch/-/minimatch-3.0.3.tgz",
            "integrity": "sha512-tHq6qdbT9U1IRSGf14CL0pUlULksvY9OZ+5eEgl1N7t+OA3tGvNpxJCzuKQlsNgCVwbAs670L1vcVQi8j9HjnA==",
            "dev": true
        },
        "@types/node": {
            "version": "12.7.5",
            "resolved": "https://registry.npmjs.org/@types/node/-/node-12.7.5.tgz",
            "integrity": "sha512-9fq4jZVhPNW8r+UYKnxF1e2HkDWOWKM5bC2/7c9wPV835I0aOrVbS/Hw/pWPk2uKrNXQqg9Z959Kz+IYDd5p3w==",
            "dev": true
        },
        "@types/parse-json": {
            "version": "4.0.0",
            "resolved": "https://registry.npmjs.org/@types/parse-json/-/parse-json-4.0.0.tgz",
            "integrity": "sha512-//oorEZjL6sbPcKUaCdIGlIUeH26mgzimjBB77G6XRgnDl/L5wOnpyBGRe/Mmf5CVW3PwEBE1NjiMZ/ssFh4wA==",
            "dev": true
        },
        "@types/qs": {
            "version": "6.9.1",
            "resolved": "https://registry.npmjs.org/@types/qs/-/qs-6.9.1.tgz",
            "integrity": "sha512-lhbQXx9HKZAPgBkISrBcmAcMpZsmpe/Cd/hY7LGZS5OfkySUBItnPZHgQPssWYUET8elF+yCFBbP1Q0RZPTdaw==",
            "dev": true
        },
        "@types/range-parser": {
            "version": "1.2.3",
            "resolved": "https://registry.npmjs.org/@types/range-parser/-/range-parser-1.2.3.tgz",
            "integrity": "sha512-ewFXqrQHlFsgc09MK5jP5iR7vumV/BYayNC6PgJO2LPe8vrnNFyjQjSppfEngITi0qvfKtzFvgKymGheFM9UOA==",
            "dev": true
        },
        "@types/serve-static": {
            "version": "1.13.3",
            "resolved": "https://registry.npmjs.org/@types/serve-static/-/serve-static-1.13.3.tgz",
            "integrity": "sha512-oprSwp094zOglVrXdlo/4bAHtKTAxX6VT8FOZlBKrmyLbNvE1zxZyJ6yikMVtHIvwP45+ZQGJn+FdXGKTozq0g==",
            "dev": true,
            "requires": {
                "@types/express-serve-static-core": "*",
                "@types/mime": "*"
            }
        },
        "@types/source-list-map": {
            "version": "0.1.2",
            "resolved": "https://registry.npmjs.org/@types/source-list-map/-/source-list-map-0.1.2.tgz",
            "integrity": "sha512-K5K+yml8LTo9bWJI/rECfIPrGgxdpeNbj+d53lwN4QjW1MCwlkhUms+gtdzigTeUyBr09+u8BwOIY3MXvHdcsA==",
            "dev": true
        },
        "@types/tapable": {
            "version": "1.0.4",
            "resolved": "https://registry.npmjs.org/@types/tapable/-/tapable-1.0.4.tgz",
            "integrity": "sha512-78AdXtlhpCHT0K3EytMpn4JNxaf5tbqbLcbIRoQIHzpTIyjpxLQKRoxU55ujBXAtg3Nl2h/XWvfDa9dsMOd0pQ==",
            "dev": true
        },
        "@types/uglify-js": {
            "version": "3.0.4",
            "resolved": "https://registry.npmjs.org/@types/uglify-js/-/uglify-js-3.0.4.tgz",
            "integrity": "sha512-SudIN9TRJ+v8g5pTG8RRCqfqTMNqgWCKKd3vtynhGzkIIjxaicNAMuY5TRadJ6tzDu3Dotf3ngaMILtmOdmWEQ==",
            "dev": true,
            "requires": {
                "source-map": "^0.6.1"
            },
            "dependencies": {
                "source-map": {
                    "version": "0.6.1",
                    "resolved": "https://registry.npmjs.org/source-map/-/source-map-0.6.1.tgz",
                    "integrity": "sha512-UjgapumWlbMhkBgzT7Ykc5YXUT46F0iKu8SGXq0bcwP5dz/h0Plj6enJqjz1Zbq2l5WaqYnrVbwWOWMyF3F47g==",
                    "dev": true
                }
            }
        },
        "@types/webpack": {
            "version": "4.39.1",
            "resolved": "https://registry.npmjs.org/@types/webpack/-/webpack-4.39.1.tgz",
            "integrity": "sha512-rgO9ihNu/l72Sjx3shqwc9r6gi+tOMsqxhMEZhOEVIZt82GFOeUyEdpTk1BO2HqEHLS/XJW8ldUTIIfIMMyYFQ==",
            "dev": true,
            "requires": {
                "@types/anymatch": "*",
                "@types/node": "*",
                "@types/tapable": "*",
                "@types/uglify-js": "*",
                "@types/webpack-sources": "*",
                "source-map": "^0.6.0"
            },
            "dependencies": {
                "source-map": {
                    "version": "0.6.1",
                    "resolved": "https://registry.npmjs.org/source-map/-/source-map-0.6.1.tgz",
                    "integrity": "sha512-UjgapumWlbMhkBgzT7Ykc5YXUT46F0iKu8SGXq0bcwP5dz/h0Plj6enJqjz1Zbq2l5WaqYnrVbwWOWMyF3F47g==",
                    "dev": true
                }
            }
        },
        "@types/webpack-dev-server": {
            "version": "3.10.1",
            "resolved": "https://registry.npmjs.org/@types/webpack-dev-server/-/webpack-dev-server-3.10.1.tgz",
            "integrity": "sha512-2nwwQ/qHRghUirvG/gEDkOQDa+d881UTJM7EG9ok5KNaYCjYVvy7fdaO528Lcym9OQDn75SvruPYVVvMJxqO0g==",
            "dev": true,
            "requires": {
                "@types/connect-history-api-fallback": "*",
                "@types/express": "*",
                "@types/http-proxy-middleware": "*",
                "@types/serve-static": "*",
                "@types/webpack": "*"
            }
        },
        "@types/webpack-manifest-plugin": {
            "version": "2.0.0",
            "resolved": "https://registry.npmjs.org/@types/webpack-manifest-plugin/-/webpack-manifest-plugin-2.0.0.tgz",
            "integrity": "sha512-ApcFwlQVwS5UI/uzESw8lO4wDdAY4PIj4ZX0SZv7MnbR9JSmStBNrpkniDvERB/CTTEHPaXDvTZwG1fCPV9h4g==",
            "dev": true,
            "requires": {
                "@types/webpack": "*"
            }
        },
        "@types/webpack-sources": {
            "version": "0.1.5",
            "resolved": "https://registry.npmjs.org/@types/webpack-sources/-/webpack-sources-0.1.5.tgz",
            "integrity": "sha512-zfvjpp7jiafSmrzJ2/i3LqOyTYTuJ7u1KOXlKgDlvsj9Rr0x7ZiYu5lZbXwobL7lmsRNtPXlBfmaUD8eU2Hu8w==",
            "dev": true,
            "requires": {
                "@types/node": "*",
                "@types/source-list-map": "*",
                "source-map": "^0.6.1"
            },
            "dependencies": {
                "source-map": {
                    "version": "0.6.1",
                    "resolved": "https://registry.npmjs.org/source-map/-/source-map-0.6.1.tgz",
                    "integrity": "sha512-UjgapumWlbMhkBgzT7Ykc5YXUT46F0iKu8SGXq0bcwP5dz/h0Plj6enJqjz1Zbq2l5WaqYnrVbwWOWMyF3F47g==",
                    "dev": true
                }
            }
        },
        "ajv": {
            "version": "6.12.6",
            "resolved": "https://registry.npmjs.org/ajv/-/ajv-6.12.6.tgz",
            "integrity": "sha512-j3fVLgvTo527anyYyJOGTYJbG+vnnQYvE0m5mmkc1TK+nxAppkCLMIL0aZ4dblVCNoGShhm+kzE4ZUykBoMg4g==",
            "dev": true,
            "requires": {
                "fast-deep-equal": "^3.1.1",
                "fast-json-stable-stringify": "^2.0.0",
                "json-schema-traverse": "^0.4.1",
                "uri-js": "^4.2.2"
            }
        },
        "ajv-keywords": {
            "version": "3.5.2",
            "resolved": "https://registry.npmjs.org/ajv-keywords/-/ajv-keywords-3.5.2.tgz",
            "integrity": "sha512-5p6WTN0DdTGVQk6VjcEju19IgaHudalcfabD7yhDGeA6bcQnmL+CpveLJq/3hvfwd1aof6L386Ougkx6RfyMIQ==",
            "dev": true
        },
        "ansi-styles": {
            "version": "3.2.1",
            "resolved": "https://registry.npmjs.org/ansi-styles/-/ansi-styles-3.2.1.tgz",
            "integrity": "sha512-VT0ZI6kZRdTh8YyJw3SMbYm/u+NqfsAxEpWO0Pf9sq8/e94WxxOpPKx9FR1FlyCtOVDNOQ+8ntlqFxiRc+r5qA==",
            "dev": true,
            "requires": {
                "color-convert": "^1.9.0"
            }
        },
        "anymatch": {
            "version": "3.1.1",
            "resolved": "https://registry.npmjs.org/anymatch/-/anymatch-3.1.1.tgz",
            "integrity": "sha512-mM8522psRCqzV+6LhomX5wgp25YVibjh8Wj23I5RPkPppSVSjyKD2A2mBJmWGa+KN7f2D6LNh9jkBCeyLktzjg==",
            "dev": true,
            "requires": {
                "normalize-path": "^3.0.0",
                "picomatch": "^2.0.4"
            }
        },
        "at-least-node": {
            "version": "1.0.0",
            "resolved": "https://registry.npmjs.org/at-least-node/-/at-least-node-1.0.0.tgz",
            "integrity": "sha512-+q/t7Ekv1EDY2l6Gda6LLiX14rU9TV20Wa3ofeQmwPFZbOMo9DXrLbOjFaaclkXKWidIaopwAObQDqwWtGUjqg==",
            "dev": true
        },
        "balanced-match": {
            "version": "1.0.0",
            "resolved": "https://registry.npmjs.org/balanced-match/-/balanced-match-1.0.0.tgz",
            "integrity": "sha1-ibTRmasr7kneFk6gK4nORi1xt2c=",
            "dev": true
        },
        "binary-extensions": {
            "version": "2.2.0",
            "resolved": "https://registry.npmjs.org/binary-extensions/-/binary-extensions-2.2.0.tgz",
            "integrity": "sha512-jDctJ/IVQbZoJykoeHbhXpOlNBqGNcwXJKJog42E5HDPUwQTSdjCHdihjj0DlnheQ7blbT6dHOafNAiS8ooQKA==",
            "dev": true
        },
        "brace-expansion": {
            "version": "1.1.11",
            "resolved": "https://registry.npmjs.org/brace-expansion/-/brace-expansion-1.1.11.tgz",
            "integrity": "sha512-iCuPHDFgrHX7H2vEI/5xpz07zSHB00TpugqhmYtVmMO6518mCuRMoOYFldEBl0g187ufozdaHgWKcYFb61qGiA==",
            "dev": true,
            "requires": {
                "balanced-match": "^1.0.0",
                "concat-map": "0.0.1"
            }
        },
        "braces": {
            "version": "3.0.2",
            "resolved": "https://registry.npmjs.org/braces/-/braces-3.0.2.tgz",
            "integrity": "sha512-b8um+L1RzM3WDSzvhm6gIz1yfTbBt6YTlcEKAvsmqCZZFw46z626lVj9j1yEPW33H5H+lBQpZMP1k8l+78Ha0A==",
            "dev": true,
            "requires": {
                "fill-range": "^7.0.1"
            }
        },
        "callsites": {
            "version": "3.1.0",
            "resolved": "https://registry.npmjs.org/callsites/-/callsites-3.1.0.tgz",
            "integrity": "sha512-P8BjAsXvZS+VIDUI11hHCQEv74YT67YUi5JJFNWIqL235sBmjX4+qx9Muvls5ivyNENctx46xQLQ3aTuE7ssaQ==",
            "dev": true
        },
        "chalk": {
            "version": "4.1.0",
            "resolved": "https://registry.npmjs.org/chalk/-/chalk-4.1.0.tgz",
            "integrity": "sha512-qwx12AxXe2Q5xQ43Ac//I6v5aXTipYrSESdOgzrN+9XjgEpyjpKuvSGaN4qE93f7TQTlerQQ8S+EQ0EyDoVL1A==",
            "dev": true,
            "requires": {
                "ansi-styles": "^4.1.0",
                "supports-color": "^7.1.0"
            },
            "dependencies": {
                "ansi-styles": {
                    "version": "4.3.0",
                    "resolved": "https://registry.npmjs.org/ansi-styles/-/ansi-styles-4.3.0.tgz",
                    "integrity": "sha512-zbB9rCJAT1rbjiVDb2hqKFHNYLxgtk8NURxZ3IZwD3F6NtxbXZQCnnSi1Lkx+IDohdPlFp222wVALIheZJQSEg==",
                    "dev": true,
                    "requires": {
                        "color-convert": "^2.0.1"
                    }
                },
                "color-convert": {
                    "version": "2.0.1",
                    "resolved": "https://registry.npmjs.org/color-convert/-/color-convert-2.0.1.tgz",
                    "integrity": "sha512-RRECPsj7iu/xb5oKYcsFHSppFNnsj/52OVTRKb4zP5onXwVF3zVmmToNcOfGC+CRDpfK/U584fMg38ZHCaElKQ==",
                    "dev": true,
                    "requires": {
                        "color-name": "~1.1.4"
                    }
                },
                "color-name": {
                    "version": "1.1.4",
                    "resolved": "https://registry.npmjs.org/color-name/-/color-name-1.1.4.tgz",
                    "integrity": "sha512-dOy+3AuW3a2wNbZHIuMZpTcgjGuLU/uBL/ubcZF9OXbDo8ff4O8yVp5Bf0efS8uEoYo5q4Fx7dY9OgQGXgAsQA==",
                    "dev": true
                },
                "has-flag": {
                    "version": "4.0.0",
                    "resolved": "https://registry.npmjs.org/has-flag/-/has-flag-4.0.0.tgz",
                    "integrity": "sha512-EykJT/Q1KjTWctppgIAgfSO0tKVuZUjhgMr17kqTumMl6Afv3EISleU7qZUzoXDFTAHTDC4NOoG/ZxU3EvlMPQ==",
                    "dev": true
                },
                "supports-color": {
                    "version": "7.2.0",
                    "resolved": "https://registry.npmjs.org/supports-color/-/supports-color-7.2.0.tgz",
                    "integrity": "sha512-qpCAvRl9stuOHveKsn7HncJRvv501qIacKzQlO/+Lwxc9+0q2wLyv4Dfvt80/DPn2pqOBsJdDiogXGR9+OvwRw==",
                    "dev": true,
                    "requires": {
                        "has-flag": "^4.0.0"
                    }
                }
            }
        },
        "chokidar": {
            "version": "3.5.1",
            "resolved": "https://registry.npmjs.org/chokidar/-/chokidar-3.5.1.tgz",
            "integrity": "sha512-9+s+Od+W0VJJzawDma/gvBNQqkTiqYTWLuZoyAsivsI4AaWTCzHG06/TMjsf1cYe9Cb97UCEhjz7HvnPk2p/tw==",
            "dev": true,
            "requires": {
                "anymatch": "~3.1.1",
                "braces": "~3.0.2",
                "fsevents": "~2.3.1",
                "glob-parent": "~5.1.0",
                "is-binary-path": "~2.1.0",
                "is-glob": "~4.0.1",
                "normalize-path": "~3.0.0",
                "readdirp": "~3.5.0"
            }
        },
        "color-convert": {
            "version": "1.9.3",
            "resolved": "https://registry.npmjs.org/color-convert/-/color-convert-1.9.3.tgz",
            "integrity": "sha512-QfAUtd+vFdAtFQcC8CCyYt1fYWxSqAiK2cSD6zDB8N3cpsEBAvRxp9zOGg6G/SHHJYAT88/az/IuDGALsNVbGg==",
            "dev": true,
            "requires": {
                "color-name": "1.1.3"
            }
        },
        "color-name": {
            "version": "1.1.3",
            "resolved": "https://registry.npmjs.org/color-name/-/color-name-1.1.3.tgz",
            "integrity": "sha1-p9BVi9icQveV3UIyj3QIMcpTvCU=",
            "dev": true
        },
        "concat-map": {
            "version": "0.0.1",
            "resolved": "https://registry.npmjs.org/concat-map/-/concat-map-0.0.1.tgz",
            "integrity": "sha1-2Klr13/Wjfd5OnMDajug1UBdR3s=",
            "dev": true
        },
        "cosmiconfig": {
            "version": "6.0.0",
            "resolved": "https://registry.npmjs.org/cosmiconfig/-/cosmiconfig-6.0.0.tgz",
            "integrity": "sha512-xb3ZL6+L8b9JLLCx3ZdoZy4+2ECphCMo2PwqgP1tlfVq6M6YReyzBJtvWWtbDSpNr9hn96pkCiZqUcFEc+54Qg==",
            "dev": true,
            "requires": {
                "@types/parse-json": "^4.0.0",
                "import-fresh": "^3.1.0",
                "parse-json": "^5.0.0",
                "path-type": "^4.0.0",
                "yaml": "^1.7.2"
            }
        },
        "deepmerge": {
            "version": "4.2.2",
            "resolved": "https://registry.npmjs.org/deepmerge/-/deepmerge-4.2.2.tgz",
            "integrity": "sha512-FJ3UgI4gIl+PHZm53knsuSFpE+nESMr7M4v9QcgB7S63Kj/6WqMiFQJpBBYz1Pt+66bZpP3Q7Lye0Oo9MPKEdg==",
            "dev": true
        },
        "error-ex": {
            "version": "1.3.2",
            "resolved": "https://registry.npmjs.org/error-ex/-/error-ex-1.3.2.tgz",
            "integrity": "sha512-7dFHNmqeFSEt2ZBsCriorKnn3Z2pj+fd9kmI6QoWw4//DL+icEBfc0U7qJCisqrTsKTjw4fNFy2pW9OqStD84g==",
            "dev": true,
            "requires": {
                "is-arrayish": "^0.2.1"
            }
        },
        "escape-string-regexp": {
            "version": "1.0.5",
            "resolved": "https://registry.npmjs.org/escape-string-regexp/-/escape-string-regexp-1.0.5.tgz",
            "integrity": "sha1-G2HAViGQqN/2rjuyzwIAyhMLhtQ=",
            "dev": true
        },
        "fast-deep-equal": {
            "version": "3.1.3",
            "resolved": "https://registry.npmjs.org/fast-deep-equal/-/fast-deep-equal-3.1.3.tgz",
            "integrity": "sha512-f3qQ9oQy9j2AhBe/H9VC91wLmKBCCU/gDOnKNAYG5hswO7BLKj09Hc5HYNz9cGI++xlpDCIgDaitVs03ATR84Q==",
            "dev": true
        },
        "fast-json-stable-stringify": {
            "version": "2.1.0",
            "resolved": "https://registry.npmjs.org/fast-json-stable-stringify/-/fast-json-stable-stringify-2.1.0.tgz",
            "integrity": "sha512-lhd/wF+Lk98HZoTCtlVraHtfh5XYijIjalXck7saUtuanSDyLMxnHhSXEDJqHxD7msR8D0uCmqlkwjCV8xvwHw==",
            "dev": true
        },
        "fill-range": {
            "version": "7.0.1",
            "resolved": "https://registry.npmjs.org/fill-range/-/fill-range-7.0.1.tgz",
            "integrity": "sha512-qOo9F+dMUmC2Lcb4BbVvnKJxTPjCm+RRpe4gDuGrzkL7mEVl/djYSu2OdQ2Pa302N4oqkSg9ir6jaLWJ2USVpQ==",
            "dev": true,
            "requires": {
                "to-regex-range": "^5.0.1"
            }
        },
        "fork-ts-checker-webpack-plugin": {
            "version": "6.1.0",
            "resolved": "https://registry.npmjs.org/fork-ts-checker-webpack-plugin/-/fork-ts-checker-webpack-plugin-6.1.0.tgz",
            "integrity": "sha512-xLNufWQ1dfQUdZe48TGQlER/0OkcMnUB6lfbN9Tt13wsYyo+2DwcCbnOaPBo1PoFow/WL8pJPktGIdbJaHxAnw==",
            "dev": true,
            "requires": {
                "@babel/code-frame": "^7.8.3",
                "@types/json-schema": "^7.0.5",
                "chalk": "^4.1.0",
                "chokidar": "^3.4.2",
                "cosmiconfig": "^6.0.0",
                "deepmerge": "^4.2.2",
                "fs-extra": "^9.0.0",
                "memfs": "^3.1.2",
                "minimatch": "^3.0.4",
                "schema-utils": "2.7.0",
                "semver": "^7.3.2",
                "tapable": "^1.0.0"
            }
        },
        "fs-extra": {
            "version": "9.1.0",
            "resolved": "https://registry.npmjs.org/fs-extra/-/fs-extra-9.1.0.tgz",
            "integrity": "sha512-hcg3ZmepS30/7BSFqRvoo3DOMQu7IjqxO5nCDt+zM9XWjb33Wg7ziNT+Qvqbuc3+gWpzO02JubVyk2G4Zvo1OQ==",
            "dev": true,
            "requires": {
                "at-least-node": "^1.0.0",
                "graceful-fs": "^4.2.0",
                "jsonfile": "^6.0.1",
                "universalify": "^2.0.0"
            }
        },
        "fs-monkey": {
            "version": "1.0.1",
            "resolved": "https://registry.npmjs.org/fs-monkey/-/fs-monkey-1.0.1.tgz",
            "integrity": "sha512-fcSa+wyTqZa46iWweI7/ZiUfegOZl0SG8+dltIwFXo7+zYU9J9kpS3NB6pZcSlJdhvIwp81Adx2XhZorncxiaA==",
            "dev": true
        },
        "fsevents": {
            "version": "2.3.2",
            "resolved": "https://registry.npmjs.org/fsevents/-/fsevents-2.3.2.tgz",
            "integrity": "sha512-xiqMQR4xAeHTuB9uWm+fFRcIOgKBMiOBP+eXiyT7jsgVCq1bkVygt00oASowB7EdtpOHaaPgKt812P9ab+DDKA==",
            "dev": true,
            "optional": true
        },
        "glob-parent": {
            "version": "5.1.1",
            "resolved": "https://registry.npmjs.org/glob-parent/-/glob-parent-5.1.1.tgz",
            "integrity": "sha512-FnI+VGOpnlGHWZxthPGR+QhR78fuiK0sNLkHQv+bL9fQi57lNNdquIbna/WrfROrolq8GK5Ek6BiMwqL/voRYQ==",
            "dev": true,
            "requires": {
                "is-glob": "^4.0.1"
            }
        },
        "graceful-fs": {
            "version": "4.2.6",
            "resolved": "https://registry.npmjs.org/graceful-fs/-/graceful-fs-4.2.6.tgz",
            "integrity": "sha512-nTnJ528pbqxYanhpDYsi4Rd8MAeaBA67+RZ10CM1m3bTAVFEDcd5AuA4a6W5YkGZ1iNXHzZz8T6TBKLeBuNriQ==",
            "dev": true
        },
        "has-flag": {
            "version": "3.0.0",
            "resolved": "https://registry.npmjs.org/has-flag/-/has-flag-3.0.0.tgz",
            "integrity": "sha1-tdRU3CGZriJWmfNGfloH87lVuv0=",
            "dev": true
        },
        "import-fresh": {
            "version": "3.3.0",
            "resolved": "https://registry.npmjs.org/import-fresh/-/import-fresh-3.3.0.tgz",
            "integrity": "sha512-veYYhQa+D1QBKznvhUHxb8faxlrwUnxseDAbAp457E0wLNio2bOSKnjYDhMj+YiAq61xrMGhQk9iXVk5FzgQMw==",
            "dev": true,
            "requires": {
                "parent-module": "^1.0.0",
                "resolve-from": "^4.0.0"
            }
        },
        "is-arrayish": {
            "version": "0.2.1",
            "resolved": "https://registry.npmjs.org/is-arrayish/-/is-arrayish-0.2.1.tgz",
            "integrity": "sha1-d8mYQFJ6qOyxqLppe4BkWnqSap0=",
            "dev": true
        },
        "is-binary-path": {
            "version": "2.1.0",
            "resolved": "https://registry.npmjs.org/is-binary-path/-/is-binary-path-2.1.0.tgz",
            "integrity": "sha512-ZMERYes6pDydyuGidse7OsHxtbI7WVeUEozgR/g7rd0xUimYNlvZRE/K2MgZTjWy725IfelLeVcEM97mmtRGXw==",
            "dev": true,
            "requires": {
                "binary-extensions": "^2.0.0"
            }
        },
        "is-extglob": {
            "version": "2.1.1",
            "resolved": "https://registry.npmjs.org/is-extglob/-/is-extglob-2.1.1.tgz",
            "integrity": "sha1-qIwCU1eR8C7TfHahueqXc8gz+MI=",
            "dev": true
        },
        "is-glob": {
            "version": "4.0.1",
            "resolved": "https://registry.npmjs.org/is-glob/-/is-glob-4.0.1.tgz",
            "integrity": "sha512-5G0tKtBTFImOqDnLB2hG6Bp2qcKEFduo4tZu9MT/H6NQv/ghhy30o55ufafxJ/LdH79LLs2Kfrn85TLKyA7BUg==",
            "dev": true,
            "requires": {
                "is-extglob": "^2.1.1"
            }
        },
        "is-number": {
            "version": "7.0.0",
            "resolved": "https://registry.npmjs.org/is-number/-/is-number-7.0.0.tgz",
            "integrity": "sha512-41Cifkg6e8TylSpdtTpeLVMqvSBEVzTttHvERD741+pnZ8ANv0004MRL43QKPDlK9cGvNp6NZWZUBlbGXYxxng==",
            "dev": true
        },
        "js-tokens": {
            "version": "4.0.0",
            "resolved": "https://registry.npmjs.org/js-tokens/-/js-tokens-4.0.0.tgz",
            "integrity": "sha512-RdJUflcE3cUzKiMqQgsCu06FPu9UdIJO0beYbPhHN4k6apgJtifcoCtT9bcxOpYBtpD2kCM6Sbzg4CausW/PKQ==",
            "dev": true
        },
        "json-parse-even-better-errors": {
            "version": "2.3.1",
            "resolved": "https://registry.npmjs.org/json-parse-even-better-errors/-/json-parse-even-better-errors-2.3.1.tgz",
            "integrity": "sha512-xyFwyhro/JEof6Ghe2iz2NcXoj2sloNsWr/XsERDK/oiPCfaNhl5ONfp+jQdAZRQQ0IJWNzH9zIZF7li91kh2w==",
            "dev": true
        },
        "json-schema-traverse": {
            "version": "0.4.1",
            "resolved": "https://registry.npmjs.org/json-schema-traverse/-/json-schema-traverse-0.4.1.tgz",
            "integrity": "sha512-xbbCH5dCYU5T8LcEhhuh7HJ88HXuW3qsI3Y0zOZFKfZEHcpWiHU/Jxzk629Brsab/mMiHQti9wMP+845RPe3Vg==",
            "dev": true
        },
        "jsonfile": {
            "version": "6.1.0",
            "resolved": "https://registry.npmjs.org/jsonfile/-/jsonfile-6.1.0.tgz",
            "integrity": "sha512-5dgndWOriYSm5cnYaJNhalLNDKOqFwyDB/rr1E9ZsGciGvKPs8R2xYGCacuf3z6K1YKDz182fd+fY3cn3pMqXQ==",
            "dev": true,
            "requires": {
                "graceful-fs": "^4.1.6",
                "universalify": "^2.0.0"
            }
        },
        "lines-and-columns": {
            "version": "1.1.6",
            "resolved": "https://registry.npmjs.org/lines-and-columns/-/lines-and-columns-1.1.6.tgz",
            "integrity": "sha1-HADHQ7QzzQpOgHWPe2SldEDZ/wA=",
            "dev": true
        },
        "lru-cache": {
            "version": "6.0.0",
            "resolved": "https://registry.npmjs.org/lru-cache/-/lru-cache-6.0.0.tgz",
            "integrity": "sha512-Jo6dJ04CmSjuznwJSS3pUeWmd/H0ffTlkXXgwZi+eq1UCmqQwCh+eLsYOYCwY991i2Fah4h1BEMCx4qThGbsiA==",
            "dev": true,
            "requires": {
                "yallist": "^4.0.0"
            }
        },
        "memfs": {
            "version": "3.2.0",
            "resolved": "https://registry.npmjs.org/memfs/-/memfs-3.2.0.tgz",
            "integrity": "sha512-f/xxz2TpdKv6uDn6GtHee8ivFyxwxmPuXatBb1FBwxYNuVpbM3k/Y1Z+vC0mH/dIXXrukYfe3qe5J32Dfjg93A==",
            "dev": true,
            "requires": {
                "fs-monkey": "1.0.1"
            }
        },
        "minimatch": {
            "version": "3.0.4",
            "resolved": "https://registry.npmjs.org/minimatch/-/minimatch-3.0.4.tgz",
            "integrity": "sha512-yJHVQEhyqPLUTgt9B83PXu6W3rx4MvvHvSUvToogpwoGDOUQ+yDrR0HRot+yOCdCO7u4hX3pWft6kWBBcqh0UA==",
            "dev": true,
            "requires": {
                "brace-expansion": "^1.1.7"
            }
        },
        "normalize-path": {
            "version": "3.0.0",
            "resolved": "https://registry.npmjs.org/normalize-path/-/normalize-path-3.0.0.tgz",
            "integrity": "sha512-6eZs5Ls3WtCisHWp9S2GUy8dqkpGi4BVSz3GaqiE6ezub0512ESztXUwUB6C6IKbQkY2Pnb/mD4WYojCRwcwLA==",
            "dev": true
        },
        "parent-module": {
            "version": "1.0.1",
            "resolved": "https://registry.npmjs.org/parent-module/-/parent-module-1.0.1.tgz",
            "integrity": "sha512-GQ2EWRpQV8/o+Aw8YqtfZZPfNRWZYkbidE9k5rpl/hC3vtHHBfGm2Ifi6qWV+coDGkrUKZAxE3Lot5kcsRlh+g==",
            "dev": true,
            "requires": {
                "callsites": "^3.0.0"
            }
        },
        "parse-json": {
            "version": "5.2.0",
            "resolved": "https://registry.npmjs.org/parse-json/-/parse-json-5.2.0.tgz",
            "integrity": "sha512-ayCKvm/phCGxOkYRSCM82iDwct8/EonSEgCSxWxD7ve6jHggsFl4fZVQBPRNgQoKiuV/odhFrGzQXZwbifC8Rg==",
            "dev": true,
            "requires": {
                "@babel/code-frame": "^7.0.0",
                "error-ex": "^1.3.1",
                "json-parse-even-better-errors": "^2.3.0",
                "lines-and-columns": "^1.1.6"
            }
        },
        "path-type": {
            "version": "4.0.0",
            "resolved": "https://registry.npmjs.org/path-type/-/path-type-4.0.0.tgz",
            "integrity": "sha512-gDKb8aZMDeD/tZWs9P6+q0J9Mwkdl6xMV8TjnGP3qJVJ06bdMgkbBlLU8IdfOsIsFz2BW1rNVT3XuNEl8zPAvw==",
            "dev": true
        },
        "picomatch": {
            "version": "2.2.2",
            "resolved": "https://registry.npmjs.org/picomatch/-/picomatch-2.2.2.tgz",
            "integrity": "sha512-q0M/9eZHzmr0AulXyPwNfZjtwZ/RBZlbN3K3CErVrk50T2ASYI7Bye0EvekFY3IP1Nt2DHu0re+V2ZHIpMkuWg==",
            "dev": true
        },
        "punycode": {
            "version": "2.1.1",
            "resolved": "https://registry.npmjs.org/punycode/-/punycode-2.1.1.tgz",
            "integrity": "sha512-XRsRjdf+j5ml+y/6GKHPZbrF/8p2Yga0JPtdqTIY2Xe5ohJPD9saDJJLPvp9+NSBprVvevdXZybnj2cv8OEd0A==",
            "dev": true
        },
        "readdirp": {
            "version": "3.5.0",
            "resolved": "https://registry.npmjs.org/readdirp/-/readdirp-3.5.0.tgz",
            "integrity": "sha512-cMhu7c/8rdhkHXWsY+osBhfSy0JikwpHK/5+imo+LpeasTF8ouErHrlYkwT0++njiyuDvc7OFY5T3ukvZ8qmFQ==",
            "dev": true,
            "requires": {
                "picomatch": "^2.2.1"
            }
        },
        "resolve-from": {
            "version": "4.0.0",
            "resolved": "https://registry.npmjs.org/resolve-from/-/resolve-from-4.0.0.tgz",
            "integrity": "sha512-pb/MYmXstAkysRFx8piNI1tGFNQIFA3vkE3Gq4EuA1dF6gHp/+vgZqsCGJapvy8N3Q+4o7FwvquPJcnZ7RYy4g==",
            "dev": true
        },
        "schema-utils": {
            "version": "2.7.0",
            "resolved": "https://registry.npmjs.org/schema-utils/-/schema-utils-2.7.0.tgz",
            "integrity": "sha512-0ilKFI6QQF5nxDZLFn2dMjvc4hjg/Wkg7rHd3jK6/A4a1Hl9VFdQWvgB1UMGoU94pad1P/8N7fMcEnLnSiju8A==",
            "dev": true,
            "requires": {
                "@types/json-schema": "^7.0.4",
                "ajv": "^6.12.2",
                "ajv-keywords": "^3.4.1"
            }
        },
        "semver": {
            "version": "7.3.4",
            "resolved": "https://registry.npmjs.org/semver/-/semver-7.3.4.tgz",
            "integrity": "sha512-tCfb2WLjqFAtXn4KEdxIhalnRtoKFN7nAwj0B3ZXCbQloV2tq5eDbcTmT68JJD3nRJq24/XgxtQKFIpQdtvmVw==",
            "dev": true,
            "requires": {
                "lru-cache": "^6.0.0"
            }
        },
        "supports-color": {
            "version": "5.5.0",
            "resolved": "https://registry.npmjs.org/supports-color/-/supports-color-5.5.0.tgz",
            "integrity": "sha512-QjVjwdXIt408MIiAqCX4oUKsgU2EqAGzs2Ppkm4aQYbjm+ZEWEcW4SfFNTr4uMNZma0ey4f5lgLrkB0aX0QMow==",
            "dev": true,
            "requires": {
                "has-flag": "^3.0.0"
            }
        },
        "tapable": {
            "version": "1.1.3",
            "resolved": "https://registry.npmjs.org/tapable/-/tapable-1.1.3.tgz",
            "integrity": "sha512-4WK/bYZmj8xLr+HUCODHGF1ZFzsYffasLUgEiMBY4fgtltdO6B4WJtlSbPaDTLpYTcGVwM2qLnFTICEcNxs3kA==",
            "dev": true
        },
        "to-regex-range": {
            "version": "5.0.1",
            "resolved": "https://registry.npmjs.org/to-regex-range/-/to-regex-range-5.0.1.tgz",
            "integrity": "sha512-65P7iz6X5yEr1cwcgvQxbbIw7Uk3gOy5dIdtZ4rDveLqhrdJP+Li/Hx6tyK0NEb+2GCyneCMJiGqrADCSNk8sQ==",
            "dev": true,
            "requires": {
                "is-number": "^7.0.0"
            }
        },
        "typescript": {
            "version": "3.6.3",
            "resolved": "https://registry.npmjs.org/typescript/-/typescript-3.6.3.tgz",
            "integrity": "sha512-N7bceJL1CtRQ2RiG0AQME13ksR7DiuQh/QehubYcghzv20tnh+MQnQIuJddTmsbqYj+dztchykemz0zFzlvdQw==",
            "dev": true
        },
        "universalify": {
            "version": "2.0.0",
            "resolved": "https://registry.npmjs.org/universalify/-/universalify-2.0.0.tgz",
            "integrity": "sha512-hAZsKq7Yy11Zu1DE0OzWjw7nnLZmJZYTDZZyEFHZdUhV8FkH5MCfoU1XMaxXovpyW5nq5scPqq0ZDP9Zyl04oQ==",
            "dev": true
        },
        "uri-js": {
            "version": "4.4.1",
            "resolved": "https://registry.npmjs.org/uri-js/-/uri-js-4.4.1.tgz",
            "integrity": "sha512-7rKUyy33Q1yc98pQ1DAmLtwX109F7TIfWlW1Ydo8Wl1ii1SeHieeh0HHfPeL2fMXK6z0s8ecKs9frCuLJvndBg==",
            "dev": true,
            "requires": {
                "punycode": "^2.1.0"
            }
        },
        "yallist": {
            "version": "4.0.0",
            "resolved": "https://registry.npmjs.org/yallist/-/yallist-4.0.0.tgz",
            "integrity": "sha512-3wdGidZyq5PB084XLES5TpOSRA3wjXAlIWMhum2kRcv/41Sn2emQ0dycQW4uZXLejwKvg6EsvbdlVL+FYEct7A==",
            "dev": true
        },
        "yaml": {
            "version": "1.10.0",
            "resolved": "https://registry.npmjs.org/yaml/-/yaml-1.10.0.tgz",
            "integrity": "sha512-yr2icI4glYaNG+KWONODapy2/jDdMSDnrONSjblABjD9B4Z5LgiircSt8m8sRZFNi08kG9Sm0uSHtEmP3zaEGg==",
            "dev": true
        }
    }
}
