
Microsoft Visual Studio Solution File, Format Version 12.00
# Visual Studio Version 16
VisualStudioVersion = 16.0.29230.47
MinimumVisualStudioVersion = 10.0.40219.1
Project("{9A19103F-16F7-4668-BE54-9A1E7A4F7556}") = "ReactViewControl.Avalonia", "ReactViewControl.Avalonia\ReactViewControl.Avalonia.csproj", "{6A17926A-BD42-4C4D-8255-07C847B23C01}"
EndProject
Project("{9A19103F-16F7-4668-BE54-9A1E7A4F7556}") = "ReactViewResources", "ReactViewResources\ReactViewResources.csproj", "{6A3B80C3-A44C-4494-A16B-75D2281B0A5D}"
EndProject
Project("{9A19103F-16F7-4668-BE54-9A1E7A4F7556}") = "ReactViewControl", "ReactViewControl\ReactViewControl.csproj", "{4FE01227-BBE0-4B87-9B11-2418F6F77512}"
EndProject
Project("{9A19103F-16F7-4668-BE54-9A1E7A4F7556}") = "Tests.ReactView", "Tests.ReactView\Tests.ReactView.csproj", "{34EDE6B5-1AFA-45E2-BFD2-048D8BD5FA5C}"
EndProject
Project("{2150E333-8FDC-42A3-9474-1A3956D46DE8}") = "Solution Items", "Solution Items", "{2665DFCF-FF6A-4435-83C5-A252AF1E0227}"
	ProjectSection(SolutionItems) = preProject
		.editorconfig = .editorconfig
		Directory.Build.props = Directory.Build.props
		Directory.Build.targets = Directory.Build.targets
	EndProjectSection
EndProject
Project("{9A19103F-16F7-4668-BE54-9A1E7A4F7556}") = "Sample.Avalonia", "Sample.Avalonia\Sample.Avalonia.csproj", "{DEB52BF8-D2BF-4D8F-9B74-CCFB415C5D67}"
EndProject
Global
	GlobalSection(SolutionConfigurationPlatforms) = preSolution
		Debug|Any CPU = Debug|Any CPU
		Debug|x64 = Debug|x64
		Debug|x86 = Debug|x86
		Release|Any CPU = Release|Any CPU
		Release|x64 = Release|x64
		Release|x86 = Release|x86
		ReleaseAvalonia|Any CPU = ReleaseAvalonia|Any CPU
		ReleaseAvalonia|x64 = ReleaseAvalonia|x64
		ReleaseAvalonia|x86 = ReleaseAvalonia|x86
		ReleaseWPF|Any CPU = ReleaseWPF|Any CPU
		ReleaseWPF|x64 = ReleaseWPF|x64
		ReleaseWPF|x86 = ReleaseWPF|x86
	EndGlobalSection
	GlobalSection(ProjectConfigurationPlatforms) = postSolution
		{6A17926A-BD42-4C4D-8255-07C847B23C01}.Debug|Any CPU.ActiveCfg = Debug|Any CPU
		{6A17926A-BD42-4C4D-8255-07C847B23C01}.Debug|Any CPU.Build.0 = Debug|Any CPU
		{6A17926A-BD42-4C4D-8255-07C847B23C01}.Debug|x64.ActiveCfg = Debug|Any CPU
		{6A17926A-BD42-4C4D-8255-07C847B23C01}.Debug|x64.Build.0 = Debug|Any CPU
		{6A17926A-BD42-4C4D-8255-07C847B23C01}.Debug|x86.ActiveCfg = Debug|Any CPU
		{6A17926A-BD42-4C4D-8255-07C847B23C01}.Debug|x86.Build.0 = Debug|Any CPU
		{6A17926A-BD42-4C4D-8255-07C847B23C01}.Release|Any CPU.ActiveCfg = Release|Any CPU
		{6A17926A-BD42-4C4D-8255-07C847B23C01}.Release|Any CPU.Build.0 = Release|Any CPU
		{6A17926A-BD42-4C4D-8255-07C847B23C01}.Release|x64.ActiveCfg = Release|Any CPU
		{6A17926A-BD42-4C4D-8255-07C847B23C01}.Release|x64.Build.0 = Release|Any CPU
		{6A17926A-BD42-4C4D-8255-07C847B23C01}.Release|x86.ActiveCfg = Release|Any CPU
		{6A17926A-BD42-4C4D-8255-07C847B23C01}.Release|x86.Build.0 = Release|Any CPU
		{6A17926A-BD42-4C4D-8255-07C847B23C01}.ReleaseAvalonia|Any CPU.ActiveCfg = ReleaseAvalonia|Any CPU
		{6A17926A-BD42-4C4D-8255-07C847B23C01}.ReleaseAvalonia|Any CPU.Build.0 = ReleaseAvalonia|Any CPU
		{6A17926A-BD42-4C4D-8255-07C847B23C01}.ReleaseAvalonia|x64.ActiveCfg = ReleaseAvalonia|Any CPU
		{6A17926A-BD42-4C4D-8255-07C847B23C01}.ReleaseAvalonia|x64.Build.0 = ReleaseAvalonia|Any CPU
		{6A17926A-BD42-4C4D-8255-07C847B23C01}.ReleaseAvalonia|x86.ActiveCfg = ReleaseAvalonia|Any CPU
		{6A17926A-BD42-4C4D-8255-07C847B23C01}.ReleaseAvalonia|x86.Build.0 = ReleaseAvalonia|Any CPU
		{6A17926A-BD42-4C4D-8255-07C847B23C01}.ReleaseWPF|Any CPU.ActiveCfg = ReleaseWPF|Any CPU
		{6A17926A-BD42-4C4D-8255-07C847B23C01}.ReleaseWPF|x64.ActiveCfg = ReleaseWPF|Any CPU
		{6A17926A-BD42-4C4D-8255-07C847B23C01}.ReleaseWPF|x64.Build.0 = ReleaseWPF|Any CPU
		{6A17926A-BD42-4C4D-8255-07C847B23C01}.ReleaseWPF|x86.ActiveCfg = ReleaseWPF|Any CPU
		{6A17926A-BD42-4C4D-8255-07C847B23C01}.ReleaseWPF|x86.Build.0 = ReleaseWPF|Any CPU
		{6A3B80C3-A44C-4494-A16B-75D2281B0A5D}.Debug|Any CPU.ActiveCfg = Debug|Any CPU
		{6A3B80C3-A44C-4494-A16B-75D2281B0A5D}.Debug|Any CPU.Build.0 = Debug|Any CPU
		{6A3B80C3-A44C-4494-A16B-75D2281B0A5D}.Debug|x64.ActiveCfg = Debug|Any CPU
		{6A3B80C3-A44C-4494-A16B-75D2281B0A5D}.Debug|x64.Build.0 = Debug|Any CPU
		{6A3B80C3-A44C-4494-A16B-75D2281B0A5D}.Debug|x86.ActiveCfg = Debug|Any CPU
		{6A3B80C3-A44C-4494-A16B-75D2281B0A5D}.Debug|x86.Build.0 = Debug|Any CPU
		{6A3B80C3-A44C-4494-A16B-75D2281B0A5D}.Release|Any CPU.ActiveCfg = Release|Any CPU
		{6A3B80C3-A44C-4494-A16B-75D2281B0A5D}.Release|Any CPU.Build.0 = Release|Any CPU
		{6A3B80C3-A44C-4494-A16B-75D2281B0A5D}.Release|x64.ActiveCfg = Release|Any CPU
		{6A3B80C3-A44C-4494-A16B-75D2281B0A5D}.Release|x64.Build.0 = Release|Any CPU
		{6A3B80C3-A44C-4494-A16B-75D2281B0A5D}.Release|x86.ActiveCfg = Release|Any CPU
		{6A3B80C3-A44C-4494-A16B-75D2281B0A5D}.Release|x86.Build.0 = Release|Any CPU
		{6A3B80C3-A44C-4494-A16B-75D2281B0A5D}.ReleaseAvalonia|Any CPU.ActiveCfg = ReleaseAvalonia|Any CPU
		{6A3B80C3-A44C-4494-A16B-75D2281B0A5D}.ReleaseAvalonia|Any CPU.Build.0 = ReleaseAvalonia|Any CPU
		{6A3B80C3-A44C-4494-A16B-75D2281B0A5D}.ReleaseAvalonia|x64.ActiveCfg = ReleaseAvalonia|Any CPU
		{6A3B80C3-A44C-4494-A16B-75D2281B0A5D}.ReleaseAvalonia|x64.Build.0 = ReleaseAvalonia|Any CPU
		{6A3B80C3-A44C-4494-A16B-75D2281B0A5D}.ReleaseAvalonia|x86.ActiveCfg = ReleaseAvalonia|Any CPU
		{6A3B80C3-A44C-4494-A16B-75D2281B0A5D}.ReleaseAvalonia|x86.Build.0 = ReleaseAvalonia|Any CPU
		{6A3B80C3-A44C-4494-A16B-75D2281B0A5D}.ReleaseWPF|Any CPU.ActiveCfg = ReleaseWPF|Any CPU
		{6A3B80C3-A44C-4494-A16B-75D2281B0A5D}.ReleaseWPF|Any CPU.Build.0 = ReleaseWPF|Any CPU
		{6A3B80C3-A44C-4494-A16B-75D2281B0A5D}.ReleaseWPF|x64.ActiveCfg = ReleaseWPF|Any CPU
		{6A3B80C3-A44C-4494-A16B-75D2281B0A5D}.ReleaseWPF|x64.Build.0 = ReleaseWPF|Any CPU
		{6A3B80C3-A44C-4494-A16B-75D2281B0A5D}.ReleaseWPF|x86.ActiveCfg = ReleaseWPF|Any CPU
		{6A3B80C3-A44C-4494-A16B-75D2281B0A5D}.ReleaseWPF|x86.Build.0 = ReleaseWPF|Any CPU
		{4FE01227-BBE0-4B87-9B11-2418F6F77512}.Debug|Any CPU.ActiveCfg = Debug|Any CPU
		{4FE01227-BBE0-4B87-9B11-2418F6F77512}.Debug|Any CPU.Build.0 = Debug|Any CPU
		{4FE01227-BBE0-4B87-9B11-2418F6F77512}.Debug|x64.ActiveCfg = Debug|Any CPU
		{4FE01227-BBE0-4B87-9B11-2418F6F77512}.Debug|x64.Build.0 = Debug|Any CPU
		{4FE01227-BBE0-4B87-9B11-2418F6F77512}.Debug|x86.ActiveCfg = Debug|Any CPU
		{4FE01227-BBE0-4B87-9B11-2418F6F77512}.Debug|x86.Build.0 = Debug|Any CPU
		{4FE01227-BBE0-4B87-9B11-2418F6F77512}.Release|Any CPU.ActiveCfg = Release|Any CPU
		{4FE01227-BBE0-4B87-9B11-2418F6F77512}.Release|Any CPU.Build.0 = Release|Any CPU
		{4FE01227-BBE0-4B87-9B11-2418F6F77512}.Release|x64.ActiveCfg = Release|Any CPU
		{4FE01227-BBE0-4B87-9B11-2418F6F77512}.Release|x64.Build.0 = Release|Any CPU
		{4FE01227-BBE0-4B87-9B11-2418F6F77512}.Release|x86.ActiveCfg = Release|Any CPU
		{4FE01227-BBE0-4B87-9B11-2418F6F77512}.Release|x86.Build.0 = Release|Any CPU
		{4FE01227-BBE0-4B87-9B11-2418F6F77512}.ReleaseAvalonia|Any CPU.ActiveCfg = ReleaseAvalonia|Any CPU
		{4FE01227-BBE0-4B87-9B11-2418F6F77512}.ReleaseAvalonia|x64.ActiveCfg = ReleaseAvalonia|Any CPU
		{4FE01227-BBE0-4B87-9B11-2418F6F77512}.ReleaseAvalonia|x64.Build.0 = ReleaseAvalonia|Any CPU
		{4FE01227-BBE0-4B87-9B11-2418F6F77512}.ReleaseAvalonia|x86.ActiveCfg = ReleaseAvalonia|Any CPU
		{4FE01227-BBE0-4B87-9B11-2418F6F77512}.ReleaseAvalonia|x86.Build.0 = ReleaseAvalonia|Any CPU
		{4FE01227-BBE0-4B87-9B11-2418F6F77512}.ReleaseWPF|Any CPU.ActiveCfg = ReleaseWPF|Any CPU
		{4FE01227-BBE0-4B87-9B11-2418F6F77512}.ReleaseWPF|Any CPU.Build.0 = ReleaseWPF|Any CPU
		{4FE01227-BBE0-4B87-9B11-2418F6F77512}.ReleaseWPF|x64.ActiveCfg = ReleaseWPF|Any CPU
		{4FE01227-BBE0-4B87-9B11-2418F6F77512}.ReleaseWPF|x64.Build.0 = ReleaseWPF|Any CPU
		{4FE01227-BBE0-4B87-9B11-2418F6F77512}.ReleaseWPF|x86.ActiveCfg = ReleaseWPF|Any CPU
		{4FE01227-BBE0-4B87-9B11-2418F6F77512}.ReleaseWPF|x86.Build.0 = ReleaseWPF|Any CPU
		{34EDE6B5-1AFA-45E2-BFD2-048D8BD5FA5C}.Debug|Any CPU.ActiveCfg = Debug|Any CPU
		{34EDE6B5-1AFA-45E2-BFD2-048D8BD5FA5C}.Debug|Any CPU.Build.0 = Debug|Any CPU
		{34EDE6B5-1AFA-45E2-BFD2-048D8BD5FA5C}.Debug|x64.ActiveCfg = Debug|Any CPU
		{34EDE6B5-1AFA-45E2-BFD2-048D8BD5FA5C}.Debug|x64.Build.0 = Debug|Any CPU
		{34EDE6B5-1AFA-45E2-BFD2-048D8BD5FA5C}.Debug|x86.ActiveCfg = Debug|Any CPU
		{34EDE6B5-1AFA-45E2-BFD2-048D8BD5FA5C}.Debug|x86.Build.0 = Debug|Any CPU
		{34EDE6B5-1AFA-45E2-BFD2-048D8BD5FA5C}.Release|Any CPU.ActiveCfg = Release|Any CPU
		{34EDE6B5-1AFA-45E2-BFD2-048D8BD5FA5C}.Release|Any CPU.Build.0 = Release|Any CPU
		{34EDE6B5-1AFA-45E2-BFD2-048D8BD5FA5C}.Release|x64.ActiveCfg = Release|Any CPU
		{34EDE6B5-1AFA-45E2-BFD2-048D8BD5FA5C}.Release|x64.Build.0 = Release|Any CPU
		{34EDE6B5-1AFA-45E2-BFD2-048D8BD5FA5C}.Release|x86.ActiveCfg = Release|Any CPU
		{34EDE6B5-1AFA-45E2-BFD2-048D8BD5FA5C}.Release|x86.Build.0 = Release|Any CPU
		{34EDE6B5-1AFA-45E2-BFD2-048D8BD5FA5C}.ReleaseAvalonia|Any CPU.ActiveCfg = ReleaseAvalonia|Any CPU
		{34EDE6B5-1AFA-45E2-BFD2-048D8BD5FA5C}.ReleaseAvalonia|Any CPU.Build.0 = ReleaseAvalonia|Any CPU
		{34EDE6B5-1AFA-45E2-BFD2-048D8BD5FA5C}.ReleaseAvalonia|x64.ActiveCfg = ReleaseAvalonia|Any CPU
		{34EDE6B5-1AFA-45E2-BFD2-048D8BD5FA5C}.ReleaseAvalonia|x64.Build.0 = ReleaseAvalonia|Any CPU
		{34EDE6B5-1AFA-45E2-BFD2-048D8BD5FA5C}.ReleaseAvalonia|x86.ActiveCfg = ReleaseAvalonia|Any CPU
		{34EDE6B5-1AFA-45E2-BFD2-048D8BD5FA5C}.ReleaseAvalonia|x86.Build.0 = ReleaseAvalonia|Any CPU
		{34EDE6B5-1AFA-45E2-BFD2-048D8BD5FA5C}.ReleaseWPF|Any CPU.ActiveCfg = ReleaseWPF|Any CPU
		{34EDE6B5-1AFA-45E2-BFD2-048D8BD5FA5C}.ReleaseWPF|x64.ActiveCfg = ReleaseWPF|Any CPU
		{34EDE6B5-1AFA-45E2-BFD2-048D8BD5FA5C}.ReleaseWPF|x64.Build.0 = ReleaseWPF|Any CPU
		{34EDE6B5-1AFA-45E2-BFD2-048D8BD5FA5C}.ReleaseWPF|x86.ActiveCfg = ReleaseWPF|Any CPU
		{34EDE6B5-1AFA-45E2-BFD2-048D8BD5FA5C}.ReleaseWPF|x86.Build.0 = ReleaseWPF|Any CPU
		{DEB52BF8-D2BF-4D8F-9B74-CCFB415C5D67}.Debug|Any CPU.ActiveCfg = Debug|Any CPU
		{DEB52BF8-D2BF-4D8F-9B74-CCFB415C5D67}.Debug|Any CPU.Build.0 = Debug|Any CPU
		{DEB52BF8-D2BF-4D8F-9B74-CCFB415C5D67}.Debug|x64.ActiveCfg = Debug|Any CPU
		{DEB52BF8-D2BF-4D8F-9B74-CCFB415C5D67}.Debug|x64.Build.0 = Debug|Any CPU
		{DEB52BF8-D2BF-4D8F-9B74-CCFB415C5D67}.Debug|x86.ActiveCfg = Debug|Any CPU
		{DEB52BF8-D2BF-4D8F-9B74-CCFB415C5D67}.Debug|x86.Build.0 = Debug|Any CPU
		{DEB52BF8-D2BF-4D8F-9B74-CCFB415C5D67}.Release|Any CPU.ActiveCfg = Release|Any CPU
		{DEB52BF8-D2BF-4D8F-9B74-CCFB415C5D67}.Release|x64.ActiveCfg = Release|Any CPU
		{DEB52BF8-D2BF-4D8F-9B74-CCFB415C5D67}.Release|x64.Build.0 = Release|Any CPU
		{DEB52BF8-D2BF-4D8F-9B74-CCFB415C5D67}.Release|x86.ActiveCfg = Release|Any CPU
		{DEB52BF8-D2BF-4D8F-9B74-CCFB415C5D67}.Release|x86.Build.0 = Release|Any CPU
		{DEB52BF8-D2BF-4D8F-9B74-CCFB415C5D67}.ReleaseAvalonia|Any CPU.ActiveCfg = ReleaseAvalonia|Any CPU
		{DEB52BF8-D2BF-4D8F-9B74-CCFB415C5D67}.ReleaseAvalonia|x64.ActiveCfg = ReleaseAvalonia|Any CPU
		{DEB52BF8-D2BF-4D8F-9B74-CCFB415C5D67}.ReleaseAvalonia|x64.Build.0 = ReleaseAvalonia|Any CPU
		{DEB52BF8-D2BF-4D8F-9B74-CCFB415C5D67}.ReleaseAvalonia|x86.ActiveCfg = ReleaseAvalonia|Any CPU
		{DEB52BF8-D2BF-4D8F-9B74-CCFB415C5D67}.ReleaseAvalonia|x86.Build.0 = ReleaseAvalonia|Any CPU
		{DEB52BF8-D2BF-4D8F-9B74-CCFB415C5D67}.ReleaseWPF|Any CPU.ActiveCfg = ReleaseWPF|Any CPU
		{DEB52BF8-D2BF-4D8F-9B74-CCFB415C5D67}.ReleaseWPF|x64.ActiveCfg = ReleaseWPF|Any CPU
		{DEB52BF8-D2BF-4D8F-9B74-CCFB415C5D67}.ReleaseWPF|x64.Build.0 = ReleaseWPF|Any CPU
		{DEB52BF8-D2BF-4D8F-9B74-CCFB415C5D67}.ReleaseWPF|x86.ActiveCfg = ReleaseWPF|Any CPU
		{DEB52BF8-D2BF-4D8F-9B74-CCFB415C5D67}.ReleaseWPF|x86.Build.0 = ReleaseWPF|Any CPU
	EndGlobalSection
	GlobalSection(SolutionProperties) = preSolution
		HideSolutionNode = FALSE
	EndGlobalSection
	GlobalSection(ExtensibilityGlobals) = postSolution
		SolutionGuid = {FD9150A9-9C08-4609-B953-D4B900FD27C0}
	EndGlobalSection
EndGlobal
